{
    "_readme": [
        "This file locks the dependencies of your project to a known state",
        "Read more about it at https://getcomposer.org/doc/01-basic-usage.md#composer-lock-the-lock-file",
        "This file is @generated automatically"
    ],
    "hash": "833c274fb4bf59847899048fe8ee4cf8",
    "content-hash": "2e9876d6ec8a5ac24e369db6ce5db2f0",
    "packages": [
        {
            "name": "firebase/php-jwt",
            "version": "v3.0.0",
            "source": {
                "type": "git",
                "url": "https://github.com/firebase/php-jwt.git",
                "reference": "fa8a06e96526eb7c0eeaa47e4f39be59d21f16e1"
            },
            "dist": {
                "type": "zip",
                "url": "https://api.github.com/repos/firebase/php-jwt/zipball/fa8a06e96526eb7c0eeaa47e4f39be59d21f16e1",
                "reference": "fa8a06e96526eb7c0eeaa47e4f39be59d21f16e1",
                "shasum": ""
            },
            "require": {
                "php": ">=5.3.0"
            },
            "type": "library",
            "autoload": {
                "psr-4": {
                    "Firebase\\JWT\\": "src"
                }
            },
            "notification-url": "https://packagist.org/downloads/",
            "license": [
                "BSD-3-Clause"
            ],
            "authors": [
                {
                    "name": "Neuman Vong",
                    "email": "neuman+pear@twilio.com",
                    "role": "Developer"
                },
                {
                    "name": "Anant Narayanan",
                    "email": "anant@php.net",
                    "role": "Developer"
                }
            ],
            "description": "A simple library to encode and decode JSON Web Tokens (JWT) in PHP. Should conform to the current spec.",
            "homepage": "https://github.com/firebase/php-jwt",
            "time": "2015-07-22 18:31:08"
        },
        {
            "name": "pimple/pimple",
            "version": "dev-master",
            "source": {
                "type": "git",
                "url": "https://github.com/silexphp/Pimple.git",
                "reference": "44515c40a4c4effc53c1e6c0e7158f711473dc98"
            },
            "dist": {
                "type": "zip",
                "url": "https://api.github.com/repos/silexphp/Pimple/zipball/44515c40a4c4effc53c1e6c0e7158f711473dc98",
                "reference": "44515c40a4c4effc53c1e6c0e7158f711473dc98",
                "shasum": ""
            },
            "require": {
                "php": ">=5.3.0"
            },
            "type": "library",
            "extra": {
                "branch-alias": {
                    "dev-master": "3.0.x-dev"
                }
            },
            "autoload": {
                "psr-0": {
                    "Pimple": "src/"
                }
            },
            "notification-url": "https://packagist.org/downloads/",
            "license": [
                "MIT"
            ],
            "authors": [
                {
                    "name": "Fabien Potencier",
                    "email": "fabien@symfony.com"
                }
            ],
            "description": "Pimple, a simple Dependency Injection Container",
            "homepage": "http://pimple.sensiolabs.org",
            "keywords": [
                "container",
                "dependency injection"
            ],
            "time": "2016-09-10 19:36:25"
        },
        {
            "name": "psr/log",
            "version": "dev-master",
            "source": {
                "type": "git",
                "url": "https://github.com/php-fig/log.git",
                "reference": "4ebe3a8bf773a19edfe0a84b6585ba3d401b724d"
            },
            "dist": {
                "type": "zip",
                "url": "https://api.github.com/repos/php-fig/log/zipball/4ebe3a8bf773a19edfe0a84b6585ba3d401b724d",
                "reference": "4ebe3a8bf773a19edfe0a84b6585ba3d401b724d",
                "shasum": ""
            },
            "require": {
                "php": ">=5.3.0"
            },
            "type": "library",
            "extra": {
                "branch-alias": {
                    "dev-master": "1.0.x-dev"
                }
            },
            "autoload": {
                "psr-4": {
                    "Psr\\Log\\": "Psr/Log/"
                }
            },
            "notification-url": "https://packagist.org/downloads/",
            "license": [
                "MIT"
            ],
            "authors": [
                {
                    "name": "PHP-FIG",
                    "homepage": "http://www.php-fig.org/"
                }
            ],
            "description": "Common interface for logging libraries",
            "homepage": "https://github.com/php-fig/log",
            "keywords": [
                "log",
                "psr",
                "psr-3"
            ],
            "time": "2016-10-10 12:19:37"
        },
        {
            "name": "silex/silex",
            "version": "dev-master",
            "source": {
                "type": "git",
                "url": "https://github.com/silexphp/Silex.git",
                "reference": "43bf765580467c395175a5e0d2810c3ddcf6e69a"
            },
            "dist": {
                "type": "zip",
                "url": "https://api.github.com/repos/silexphp/Silex/zipball/43bf765580467c395175a5e0d2810c3ddcf6e69a",
                "reference": "43bf765580467c395175a5e0d2810c3ddcf6e69a",
                "shasum": ""
            },
            "require": {
                "php": ">=5.5.9",
                "pimple/pimple": "~3.0",
                "symfony/event-dispatcher": "~2.8|^3.0",
                "symfony/http-foundation": "~2.8|^3.0",
                "symfony/http-kernel": "~2.8|^3.0",
                "symfony/routing": "~2.8|^3.0"
            },
            "replace": {
                "silex/api": "self.version",
                "silex/providers": "self.version"
            },
            "require-dev": {
                "doctrine/dbal": "~2.2",
                "monolog/monolog": "^1.4.1",
                "swiftmailer/swiftmailer": "~5",
                "symfony/asset": "~2.8|^3.0",
                "symfony/browser-kit": "~2.8|^3.0",
                "symfony/config": "~2.8|^3.0",
                "symfony/css-selector": "~2.8|^3.0",
                "symfony/debug": "~2.8|^3.0",
                "symfony/doctrine-bridge": "~2.8|^3.0",
                "symfony/dom-crawler": "~2.8|^3.0",
                "symfony/expression-language": "~2.8|^3.0",
                "symfony/finder": "~2.8|^3.0",
                "symfony/form": "~2.8|^3.0",
                "symfony/intl": "~2.8|^3.0",
                "symfony/monolog-bridge": "~2.8|^3.0",
                "symfony/options-resolver": "~2.8|^3.0",
                "symfony/phpunit-bridge": "~2.8|^3.0",
                "symfony/process": "~2.8|^3.0",
                "symfony/security": "~2.8|^3.0",
                "symfony/serializer": "~2.8|^3.0",
                "symfony/translation": "~2.8|^3.0",
                "symfony/twig-bridge": "~2.8|^3.0",
                "symfony/validator": "~2.8|^3.0",
                "symfony/var-dumper": "~2.8|^3.0",
                "twig/twig": "~1.8|~2.0"
            },
            "type": "library",
            "extra": {
                "branch-alias": {
                    "dev-master": "2.0.x-dev"
                }
            },
            "autoload": {
                "psr-4": {
                    "Silex\\": "src/Silex"
                }
            },
            "notification-url": "https://packagist.org/downloads/",
            "license": [
                "MIT"
            ],
            "authors": [
                {
                    "name": "Fabien Potencier",
                    "email": "fabien@symfony.com"
                },
                {
                    "name": "Igor Wiedler",
                    "email": "igor@wiedler.ch"
                }
            ],
            "description": "The PHP micro-framework based on the Symfony Components",
            "homepage": "http://silex.sensiolabs.org",
            "keywords": [
                "microframework"
            ],
            "time": "2016-10-30 15:31:47"
        },
        {
            "name": "symfony/debug",
            "version": "dev-master",
            "source": {
                "type": "git",
                "url": "https://github.com/symfony/debug.git",
                "reference": "6a4b5ee6a705a8975aa4d6c0ff0ecf830c6e677c"
            },
            "dist": {
                "type": "zip",
                "url": "https://api.github.com/repos/symfony/debug/zipball/6a4b5ee6a705a8975aa4d6c0ff0ecf830c6e677c",
                "reference": "6a4b5ee6a705a8975aa4d6c0ff0ecf830c6e677c",
                "shasum": ""
            },
            "require": {
                "php": ">=5.5.9",
                "psr/log": "~1.0"
            },
            "conflict": {
                "symfony/http-kernel": ">=2.3,<2.3.24|~2.4.0|>=2.5,<2.5.9|>=2.6,<2.6.2"
            },
            "require-dev": {
                "symfony/class-loader": "~2.8|~3.0",
                "symfony/http-kernel": "~2.8|~3.0"
            },
            "type": "library",
            "extra": {
                "branch-alias": {
                    "dev-master": "3.2-dev"
                }
            },
            "autoload": {
                "psr-4": {
                    "Symfony\\Component\\Debug\\": ""
                },
                "exclude-from-classmap": [
                    "/Tests/"
                ]
            },
            "notification-url": "https://packagist.org/downloads/",
            "license": [
                "MIT"
            ],
            "authors": [
                {
                    "name": "Fabien Potencier",
                    "email": "fabien@symfony.com"
                },
                {
                    "name": "Symfony Community",
                    "homepage": "https://symfony.com/contributors"
                }
            ],
            "description": "Symfony Debug Component",
            "homepage": "https://symfony.com",
            "time": "2016-11-03 08:11:03"
        },
        {
            "name": "symfony/event-dispatcher",
            "version": "dev-master",
            "source": {
                "type": "git",
                "url": "https://github.com/symfony/event-dispatcher.git",
                "reference": "e8f47a327c2f0fd5aa04fa60af2b693006ed7283"
            },
            "dist": {
                "type": "zip",
                "url": "https://api.github.com/repos/symfony/event-dispatcher/zipball/e8f47a327c2f0fd5aa04fa60af2b693006ed7283",
                "reference": "e8f47a327c2f0fd5aa04fa60af2b693006ed7283",
                "shasum": ""
            },
            "require": {
                "php": ">=5.5.9"
            },
            "require-dev": {
                "psr/log": "~1.0",
                "symfony/config": "~2.8|~3.0",
                "symfony/dependency-injection": "~2.8|~3.0",
                "symfony/expression-language": "~2.8|~3.0",
                "symfony/stopwatch": "~2.8|~3.0"
            },
            "suggest": {
                "symfony/dependency-injection": "",
                "symfony/http-kernel": ""
            },
            "type": "library",
            "extra": {
                "branch-alias": {
                    "dev-master": "3.2-dev"
                }
            },
            "autoload": {
                "psr-4": {
                    "Symfony\\Component\\EventDispatcher\\": ""
                },
                "exclude-from-classmap": [
                    "/Tests/"
                ]
            },
            "notification-url": "https://packagist.org/downloads/",
            "license": [
                "MIT"
            ],
            "authors": [
                {
                    "name": "Fabien Potencier",
                    "email": "fabien@symfony.com"
                },
                {
                    "name": "Symfony Community",
                    "homepage": "https://symfony.com/contributors"
                }
            ],
            "description": "Symfony EventDispatcher Component",
            "homepage": "https://symfony.com",
            "time": "2016-10-13 06:29:04"
        },
        {
            "name": "symfony/http-foundation",
            "version": "dev-master",
            "source": {
                "type": "git",
                "url": "https://github.com/symfony/http-foundation.git",
                "reference": "63cf1f9255a0e2caddfb837e60dba01246391dbf"
            },
            "dist": {
                "type": "zip",
                "url": "https://api.github.com/repos/symfony/http-foundation/zipball/63cf1f9255a0e2caddfb837e60dba01246391dbf",
                "reference": "63cf1f9255a0e2caddfb837e60dba01246391dbf",
                "shasum": ""
            },
            "require": {
                "php": ">=5.5.9",
                "symfony/polyfill-mbstring": "~1.1"
            },
            "require-dev": {
                "symfony/expression-language": "~2.8|~3.0"
            },
            "type": "library",
            "extra": {
                "branch-alias": {
                    "dev-master": "3.2-dev"
                }
            },
            "autoload": {
                "psr-4": {
                    "Symfony\\Component\\HttpFoundation\\": ""
                },
                "exclude-from-classmap": [
                    "/Tests/"
                ]
            },
            "notification-url": "https://packagist.org/downloads/",
            "license": [
                "MIT"
            ],
            "authors": [
                {
                    "name": "Fabien Potencier",
                    "email": "fabien@symfony.com"
                },
                {
                    "name": "Symfony Community",
                    "homepage": "https://symfony.com/contributors"
                }
            ],
            "description": "Symfony HttpFoundation Component",
            "homepage": "https://symfony.com",
            "time": "2016-11-03 08:11:03"
        },
        {
            "name": "symfony/http-kernel",
            "version": "dev-master",
            "source": {
                "type": "git",
                "url": "https://github.com/symfony/http-kernel.git",
                "reference": "8fe735eb91429525dcdfbbc1b03ecdcf74c4357f"
            },
            "dist": {
                "type": "zip",
                "url": "https://api.github.com/repos/symfony/http-kernel/zipball/8fe735eb91429525dcdfbbc1b03ecdcf74c4357f",
                "reference": "8fe735eb91429525dcdfbbc1b03ecdcf74c4357f",
                "shasum": ""
            },
            "require": {
                "php": ">=5.5.9",
                "psr/log": "~1.0",
                "symfony/debug": "~2.8|~3.0",
                "symfony/event-dispatcher": "~2.8|~3.0",
                "symfony/http-foundation": "~2.8.13|~3.1.6|~3.2"
            },
            "conflict": {
                "symfony/config": "<2.8"
            },
            "require-dev": {
                "symfony/browser-kit": "~2.8|~3.0",
                "symfony/class-loader": "~2.8|~3.0",
                "symfony/config": "~2.8|~3.0",
                "symfony/console": "~2.8|~3.0",
                "symfony/css-selector": "~2.8|~3.0",
                "symfony/dependency-injection": "~2.8|~3.0",
                "symfony/dom-crawler": "~2.8|~3.0",
                "symfony/expression-language": "~2.8|~3.0",
                "symfony/finder": "~2.8|~3.0",
                "symfony/process": "~2.8|~3.0",
                "symfony/routing": "~2.8|~3.0",
                "symfony/stopwatch": "~2.8|~3.0",
                "symfony/templating": "~2.8|~3.0",
                "symfony/translation": "~2.8|~3.0",
                "symfony/var-dumper": "~3.2"
            },
            "suggest": {
                "symfony/browser-kit": "",
                "symfony/class-loader": "",
                "symfony/config": "",
                "symfony/console": "",
                "symfony/dependency-injection": "",
                "symfony/finder": "",
                "symfony/var-dumper": ""
            },
            "type": "library",
            "extra": {
                "branch-alias": {
                    "dev-master": "3.2-dev"
                }
            },
            "autoload": {
                "psr-4": {
                    "Symfony\\Component\\HttpKernel\\": ""
                },
                "exclude-from-classmap": [
                    "/Tests/"
                ]
            },
            "notification-url": "https://packagist.org/downloads/",
            "license": [
                "MIT"
            ],
            "authors": [
                {
                    "name": "Fabien Potencier",
                    "email": "fabien@symfony.com"
                },
                {
                    "name": "Symfony Community",
                    "homepage": "https://symfony.com/contributors"
                }
            ],
            "description": "Symfony HttpKernel Component",
            "homepage": "https://symfony.com",
            "time": "2016-11-02 21:23:14"
        },
        {
            "name": "symfony/polyfill-mbstring",
            "version": "dev-master",
            "source": {
                "type": "git",
                "url": "https://github.com/symfony/polyfill-mbstring.git",
                "reference": "53ad9faffe141fbe8f98cd6a7fd9a5e84513f56c"
            },
            "dist": {
                "type": "zip",
                "url": "https://api.github.com/repos/symfony/polyfill-mbstring/zipball/53ad9faffe141fbe8f98cd6a7fd9a5e84513f56c",
                "reference": "53ad9faffe141fbe8f98cd6a7fd9a5e84513f56c",
                "shasum": ""
            },
            "require": {
                "php": ">=5.3.3"
            },
            "suggest": {
                "ext-mbstring": "For best performance"
            },
            "type": "library",
            "extra": {
                "branch-alias": {
                    "dev-master": "1.2-dev"
                }
            },
            "autoload": {
                "psr-4": {
                    "Symfony\\Polyfill\\Mbstring\\": ""
                },
                "files": [
                    "bootstrap.php"
                ]
            },
            "notification-url": "https://packagist.org/downloads/",
            "license": [
                "MIT"
            ],
            "authors": [
                {
                    "name": "Nicolas Grekas",
                    "email": "p@tchwork.com"
                },
                {
                    "name": "Symfony Community",
                    "homepage": "https://symfony.com/contributors"
                }
            ],
            "description": "Symfony polyfill for the Mbstring extension",
            "homepage": "https://symfony.com",
            "keywords": [
                "compatibility",
                "mbstring",
                "polyfill",
                "portable",
                "shim"
            ],
            "time": "2016-08-30 17:06:17"
        },
        {
            "name": "symfony/routing",
            "version": "dev-master",
            "source": {
                "type": "git",
                "url": "https://github.com/symfony/routing.git",
                "reference": "75a1dee97199aca3aa4795773a55a2e96a6da498"
            },
            "dist": {
                "type": "zip",
                "url": "https://api.github.com/repos/symfony/routing/zipball/75a1dee97199aca3aa4795773a55a2e96a6da498",
                "reference": "75a1dee97199aca3aa4795773a55a2e96a6da498",
                "shasum": ""
            },
            "require": {
                "php": ">=5.5.9"
            },
            "conflict": {
                "symfony/config": "<2.8"
            },
            "require-dev": {
                "doctrine/annotations": "~1.0",
                "doctrine/common": "~2.2",
                "psr/log": "~1.0",
                "symfony/config": "~2.8|~3.0",
                "symfony/expression-language": "~2.8|~3.0",
                "symfony/http-foundation": "~2.8|~3.0",
                "symfony/yaml": "~2.8|~3.0"
            },
            "suggest": {
                "doctrine/annotations": "For using the annotation loader",
                "symfony/config": "For using the all-in-one router or any loader",
                "symfony/dependency-injection": "For loading routes from a service",
                "symfony/expression-language": "For using expression matching",
                "symfony/http-foundation": "For using a Symfony Request object",
                "symfony/yaml": "For using the YAML loader"
            },
            "type": "library",
            "extra": {
                "branch-alias": {
                    "dev-master": "3.2-dev"
                }
            },
            "autoload": {
                "psr-4": {
                    "Symfony\\Component\\Routing\\": ""
                },
                "exclude-from-classmap": [
                    "/Tests/"
                ]
            },
            "notification-url": "https://packagist.org/downloads/",
            "license": [
                "MIT"
            ],
            "authors": [
                {
                    "name": "Fabien Potencier",
                    "email": "fabien@symfony.com"
                },
                {
                    "name": "Symfony Community",
                    "homepage": "https://symfony.com/contributors"
                }
            ],
            "description": "Symfony Routing Component",
            "homepage": "https://symfony.com",
            "keywords": [
                "router",
                "routing",
                "uri",
                "url"
            ],
            "time": "2016-10-21 20:33:10"
        }
    ],
    "packages-dev": [],
    "aliases": [],
    "minimum-stability": "dev",
    "stability-flags": [],
    "prefer-stable": false,
    "prefer-lowest": false,
    "platform": [],
    "platform-dev": []
}
